
Microsoft Visual Studio Solution File, Format Version 12.00
# Visual Studio Version 17
VisualStudioVersion = 17.0.31919.166
MinimumVisualStudioVersion = 10.0.40219.1
Project("{9A19103F-16F7-4668-BE54-9A1E7A4F7556}") = "Application", "src\Application\Application.csproj", "{FB0A1B29-BBB6-4097-984A-E50D00C8FF78}"
	ProjectSection(ProjectDependencies) = postProject
		{22DEB14A-2BCF-4A77-A1EC-2CA423FDDF0B} = {22DEB14A-2BCF-4A77-A1EC-2CA423FDDF0B}
		{287974A7-8801-4689-90A6-7C190CC0C334} = {287974A7-8801-4689-90A6-7C190CC0C334}
	EndProjectSection
EndProject
Project("{9A19103F-16F7-4668-BE54-9A1E7A4F7556}") = "Domain", "src\Domain\Domain.csproj", "{22DEB14A-2BCF-4A77-A1EC-2CA423FDDF0B}"
EndProject
Project("{9A19103F-16F7-4668-BE54-9A1E7A4F7556}") = "Infraestructure", "src\Infraestructure\Infraestructure.csproj", "{287974A7-8801-4689-90A6-7C190CC0C334}"
EndProject
Global
	GlobalSection(SolutionConfigurationPlatforms) = preSolution
		Debug|Any CPU = Debug|Any CPU
		Release|Any CPU = Release|Any CPU
	EndGlobalSection
	GlobalSection(ProjectConfigurationPlatforms) = postSolution
		{FB0A1B29-BBB6-4097-984A-E50D00C8FF78}.Debug|Any CPU.ActiveCfg = Debug|Any CPU
		{FB0A1B29-BBB6-4097-984A-E50D00C8FF78}.Debug|Any CPU.Build.0 = Debug|Any CPU
		{FB0A1B29-BBB6-4097-984A-E50D00C8FF78}.Release|Any CPU.ActiveCfg = Release|Any CPU
		{FB0A1B29-BBB6-4097-984A-E50D00C8FF78}.Release|Any CPU.Build.0 = Release|Any CPU
		{22DEB14A-2BCF-4A77-A1EC-2CA423FDDF0B}.Debug|Any CPU.ActiveCfg = Debug|Any CPU
		{22DEB14A-2BCF-4A77-A1EC-2CA423FDDF0B}.Debug|Any CPU.Build.0 = Debug|Any CPU
		{22DEB14A-2BCF-4A77-A1EC-2CA423FDDF0B}.Release|Any CPU.ActiveCfg = Release|Any CPU
		{22DEB14A-2BCF-4A77-A1EC-2CA423FDDF0B}.Release|Any CPU.Build.0 = Release|Any CPU
		{287974A7-8801-4689-90A6-7C190CC0C334}.Debug|Any CPU.ActiveCfg = Debug|Any CPU
		{287974A7-8801-4689-90A6-7C190CC0C334}.Debug|Any CPU.Build.0 = Debug|Any CPU
		{287974A7-8801-4689-90A6-7C190CC0C334}.Release|Any CPU.ActiveCfg = Release|Any CPU
		{287974A7-8801-4689-90A6-7C190CC0C334}.Release|Any CPU.Build.0 = Release|Any CPU
	EndGlobalSection
	GlobalSection(SolutionProperties) = preSolution
		HideSolutionNode = FALSE
	EndGlobalSection
	GlobalSection(ExtensibilityGlobals) = postSolution
		SolutionGuid = {7592A993-D8D7-49FC-8EA2-50AC10DA17DC}
	EndGlobalSection
EndGlobal
