
Microsoft Visual Studio Solution File, Format Version 12.00
# Visual Studio Version 17
VisualStudioVersion = 17.0.31919.166
MinimumVisualStudioVersion = 10.0.40219.1
Project("{9A19103F-16F7-4668-BE54-9A1E7A4F7556}") = "Api", "src\Api\Api.csproj", "{FB0A1B29-BBB6-4097-984A-E50D00C8FF78}"
	ProjectSection(ProjectDependencies) = postProject
		{A16281A0-7715-45B6-9645-C38CA20AA6DF} = {A16281A0-7715-45B6-9645-C38CA20AA6DF}
	EndProjectSection
EndProject
Project("{9A19103F-16F7-4668-BE54-9A1E7A4F7556}") = "Domain", "src\Domain\Domain.csproj", "{22DEB14A-2BCF-4A77-A1EC-2CA423FDDF0B}"
EndProject
Project("{9A19103F-16F7-4668-BE54-9A1E7A4F7556}") = "Infrastructure", "src\Infrastructure\Infrastructure.csproj", "{287974A7-8801-4689-90A6-7C190CC0C334}"
	ProjectSection(ProjectDependencies) = postProject
		{A16281A0-7715-45B6-9645-C38CA20AA6DF} = {A16281A0-7715-45B6-9645-C38CA20AA6DF}
	EndProjectSection
EndProject
Project("{FAE04EC0-301F-11D3-BF4B-00C04F79EFBC}") = "Application", "src\Application\Application.csproj", "{A16281A0-7715-45B6-9645-C38CA20AA6DF}"
EndProject
Project("{2150E333-8FDC-42A3-9474-1A3956D46DE8}") = "src", "src", "{02EA681E-C7D8-13C7-8484-4AC65E1B71E8}"
EndProject
Project("{2150E333-8FDC-42A3-9474-1A3956D46DE8}") = "tests", "tests", "{02EA681E-C7D8-13C7-8484-4AC65E1B71E8}"
EndProject
Project("{FAE04EC0-301F-11D3-BF4B-00C04F79EFBC}") = "UnitTests", "src\UnitTests\UnitTests.csproj", "{CF6D8BBD-5594-4C2B-BDD9-65A63DE91A55}"
	ProjectSection(ProjectDependencies) = postProject
		{A16281A0-7715-45B6-9645-C38CA20AA6DF} = {A16281A0-7715-45B6-9645-C38CA20AA6DF}
	EndProjectSection
EndProject
Project("{FAE04EC0-301F-11D3-BF4B-00C04F79EFBC}") = "IntegrationTests", "IntegrationTests\IntegrationTests.csproj", "{DA26B950-FB7E-45DE-A1BC-94F2E736AC0A}"
EndProject
Global
	GlobalSection(SolutionConfigurationPlatforms) = preSolution
		Debug|Any CPU = Debug|Any CPU
		Release|Any CPU = Release|Any CPU
	EndGlobalSection
	GlobalSection(ProjectConfigurationPlatforms) = postSolution
		{FB0A1B29-BBB6-4097-984A-E50D00C8FF78}.Debug|Any CPU.ActiveCfg = Debug|Any CPU
		{FB0A1B29-BBB6-4097-984A-E50D00C8FF78}.Debug|Any CPU.Build.0 = Debug|Any CPU
		{FB0A1B29-BBB6-4097-984A-E50D00C8FF78}.Release|Any CPU.ActiveCfg = Release|Any CPU
		{FB0A1B29-BBB6-4097-984A-E50D00C8FF78}.Release|Any CPU.Build.0 = Release|Any CPU
		{22DEB14A-2BCF-4A77-A1EC-2CA423FDDF0B}.Debug|Any CPU.ActiveCfg = Debug|Any CPU
		{22DEB14A-2BCF-4A77-A1EC-2CA423FDDF0B}.Debug|Any CPU.Build.0 = Debug|Any CPU
		{22DEB14A-2BCF-4A77-A1EC-2CA423FDDF0B}.Release|Any CPU.ActiveCfg = Release|Any CPU
		{22DEB14A-2BCF-4A77-A1EC-2CA423FDDF0B}.Release|Any CPU.Build.0 = Release|Any CPU
		{287974A7-8801-4689-90A6-7C190CC0C334}.Debug|Any CPU.ActiveCfg = Debug|Any CPU
		{287974A7-8801-4689-90A6-7C190CC0C334}.Debug|Any CPU.Build.0 = Debug|Any CPU
		{287974A7-8801-4689-90A6-7C190CC0C334}.Release|Any CPU.ActiveCfg = Release|Any CPU
		{287974A7-8801-4689-90A6-7C190CC0C334}.Release|Any CPU.Build.0 = Release|Any CPU
		{A16281A0-7715-45B6-9645-C38CA20AA6DF}.Debug|Any CPU.ActiveCfg = Debug|Any CPU
		{A16281A0-7715-45B6-9645-C38CA20AA6DF}.Debug|Any CPU.Build.0 = Debug|Any CPU
		{A16281A0-7715-45B6-9645-C38CA20AA6DF}.Release|Any CPU.ActiveCfg = Release|Any CPU
		{A16281A0-7715-45B6-9645-C38CA20AA6DF}.Release|Any CPU.Build.0 = Release|Any CPU
		{CF6D8BBD-5594-4C2B-BDD9-65A63DE91A55}.Debug|Any CPU.ActiveCfg = Debug|Any CPU
		{CF6D8BBD-5594-4C2B-BDD9-65A63DE91A55}.Debug|Any CPU.Build.0 = Debug|Any CPU
		{CF6D8BBD-5594-4C2B-BDD9-65A63DE91A55}.Release|Any CPU.ActiveCfg = Release|Any CPU
		{CF6D8BBD-5594-4C2B-BDD9-65A63DE91A55}.Release|Any CPU.Build.0 = Release|Any CPU
		{DA26B950-FB7E-45DE-A1BC-94F2E736AC0A}.Debug|Any CPU.ActiveCfg = Debug|Any CPU
		{DA26B950-FB7E-45DE-A1BC-94F2E736AC0A}.Debug|Any CPU.Build.0 = Debug|Any CPU
		{DA26B950-FB7E-45DE-A1BC-94F2E736AC0A}.Release|Any CPU.ActiveCfg = Release|Any CPU
		{DA26B950-FB7E-45DE-A1BC-94F2E736AC0A}.Release|Any CPU.Build.0 = Release|Any CPU
	EndGlobalSection
	GlobalSection(SolutionProperties) = preSolution
		HideSolutionNode = FALSE
	EndGlobalSection
	GlobalSection(NestedProjects) = preSolution
		{FB0A1B29-BBB6-4097-984A-E50D00C8FF78} = {02EA681E-C7D8-13C7-8484-4AC65E1B71E8}
		{22DEB14A-2BCF-4A77-A1EC-2CA423FDDF0B} = {02EA681E-C7D8-13C7-8484-4AC65E1B71E8}
		{287974A7-8801-4689-90A6-7C190CC0C334} = {02EA681E-C7D8-13C7-8484-4AC65E1B71E8}
		{A16281A0-7715-45B6-9645-C38CA20AA6DF} = {02EA681E-C7D8-13C7-8484-4AC65E1B71E8}
		{CF6D8BBD-5594-4C2B-BDD9-65A63DE91A55} = {02EA681E-C7D8-13C7-8484-4AC65E1B71E8}
		{DA26B950-FB7E-45DE-A1BC-94F2E736AC0A} = {02EA681E-C7D8-13C7-8484-4AC65E1B71E8}
	EndGlobalSection
	GlobalSection(ExtensibilityGlobals) = postSolution
		SolutionGuid = {7592A993-D8D7-49FC-8EA2-50AC10DA17DC}
	EndGlobalSection
EndGlobal
